{
  "originHash" : "e0823a480a6b1e280ac0a7b5e6d9e5691e7bae7e3d03dad72fe44f8a16d386a6",
  "pins" : [
    {
      "identity" : "brick_swiftui",
      "kind" : "remoteSourceControl",
      "location" : "https://github.com/zjinhu/Brick_SwiftUI.git",
      "state" : {
        "revision" : "e234dac4bd4548b0aee53e3486a1418b234ce751",
        "version" : "0.4.4"
      }
    }
  ],
  "version" : 3
}
