{
  "originHash" : "e8d65d3068cd5103fe452e83f7d2b9b31bf81083c2da216a1f13417c53c96ad5",
  "pins" : [
    {
      "identity" : "brick_swiftui",
      "kind" : "remoteSourceControl",
      "location" : "https://github.com/zjinhu/Brick_SwiftUI.git",
      "state" : {
        "revision" : "0ac760661616dd74f75053b9adf007119370ad09",
        "version" : "0.7.3"
      }
    }
  ],
  "version" : 3
}
